// !$*UTF8*$!
{
	archiveVersion = 1;
	classes = {
	};
	objectVersion = 77;
	objects = {

/* Begin PBXContainerItemProxy section */
		089E1F572F33C938002BBFDA /* PBXContainerItemProxy */ = {
			isa = PBXContainerItemProxy;
			containerPortal = 089E1F382F33C937002BBFDA /* Project object */;
			proxyType = 1;
			remoteGlobalIDString = 089E1F3F2F33C937002BBFDA;
			remoteInfo = MeditationApp;
		};
		089E1F612F33C938002BBFDA /* PBXContainerItemProxy */ = {
			isa = PBXContainerItemProxy;
			containerPortal = 089E1F382F33C937002BBFDA /* Project object */;
			proxyType = 1;
			remoteGlobalIDString = 089E1F3F2F33C937002BBFDA;
			remoteInfo = MeditationApp;
		};
/* End PBXContainerItemProxy section */

/* Begin PBXFileReference section */
		089E1F402F33C937002BBFDA /* MeditationApp.app */ = {isa = PBXFileReference; explicitFileType = wrapper.application; includeInIndex = 0; path = MeditationApp.app; sourceTree = BUILT_PRODUCTS_DIR; };
		089E1F562F33C938002BBFDA /* MeditationAppTests.xctest */ = {isa = PBXFileReference; explicitFileType = wrapper.cfbundle; includeInIndex = 0; path = MeditationAppTests.xctest; sourceTree = BUILT_PRODUCTS_DIR; };
		089E1F602F33C938002BBFDA /* MeditationAppUITests.xctest */ = {isa = PBXFileReference; explicitFileType = wrapper.cfbundle; includeInIndex = 0; path = MeditationAppUITests.xctest; sourceTree = BUILT_PRODUCTS_DIR; };
/* End PBXFileReference section */

/* Begin PBXFileSystemSynchronizedBuildFileExceptionSet section */
		089E1F682F33C938002BBFDA /* Exceptions for "MeditationApp" folder in "MeditationApp" target */ = {
			isa = PBXFileSystemSynchronizedBuildFileExceptionSet;
			membershipExceptions = (
				Info.plist,
			);
			target = 089E1F3F2F33C937002BBFDA /* MeditationApp */;
		};
/* End PBXFileSystemSynchronizedBuildFileExceptionSet section */

/* Begin PBXFileSystemSynchronizedRootGroup section */
		089E1F422F33C937002BBFDA /* MeditationApp */ = {
			isa = PBXFileSystemSynchronizedRootGroup;
			exceptions = (
				089E1F682F33C938002BBFDA /* Exceptions for "MeditationApp" folder in "MeditationApp" target */,
			);
			path = MeditationApp;
			sourceTree = "<group>";
		};
		089E1F592F33C938002BBFDA /* MeditationAppTests */ = {
			isa = PBXFileSystemSynchronizedRootGroup;
			path = MeditationAppTests;
			sourceTree = "<group>";
		};
		089E1F632F33C938002BBFDA /* MeditationAppUITests */ = {
			isa = PBXFileSystemSynchronizedRootGroup;
			path = MeditationAppUITests;
			sourceTree = "<group>";
		};
/* End PBXFileSystemSynchronizedRootGroup section */

/* Begin PBXFrameworksBuildPhase section */
		089E1F3D2F33C937002BBFDA /* Frameworks */ = {
			isa = PBXFrameworksBuildPhase;
			buildActionMask = 2147483647;
			files = (
			);
			runOnlyForDeploymentPostprocessing = 0;
		};
		089E1F532F33C938002BBFDA /* Frameworks */ = {
			isa = PBXFrameworksBuildPhase;
			buildActionMask = 2147483647;
			files = (
			);
			runOnlyForDeploymentPostprocessing = 0;
		};
		089E1F5D2F33C938002BBFDA /* Frameworks */ = {
			isa = PBXFrameworksBuildPhase;
			buildActionMask = 2147483647;
			files = (
			);
			runOnlyForDeploymentPostprocessing = 0;
		};
/* End PBXFrameworksBuildPhase section */

/* Begin PBXGroup section */
		089E1F372F33C937002BBFDA = {
			isa = PBXGroup;
			children = (
				089E1F422F33C937002BBFDA /* MeditationApp */,
				089E1F592F33C938002BBFDA /* MeditationAppTests */,
				089E1F632F33C938002BBFDA /* MeditationAppUITests */,
				089E1F412F33C937002BBFDA /* Products */,
			);
			sourceTree = "<group>";
		};
		089E1F412F33C937002BBFDA /* Products */ = {
			isa = PBXGroup;
			children = (
				089E1F402F33C937002BBFDA /* MeditationApp.app */,
				089E1F562F33C938002BBFDA /* MeditationAppTests.xctest */,
				089E1F602F33C938002BBFDA /* MeditationAppUITests.xctest */,
			);
			name = Products;
			sourceTree = "<group>";
		};
/* End PBXGroup section */

/* Begin PBXNativeTarget section */
		089E1F3F2F33C937002BBFDA /* MeditationApp */ = {
			isa = PBXNativeTarget;
			buildConfigurationList = 089E1F692F33C938002BBFDA /* Build configuration list for PBXNativeTarget "MeditationApp" */;
			buildPhases = (
				089E1F3C2F33C937002BBFDA /* Sources */,
				089E1F3D2F33C937002BBFDA /* Frameworks */,
				089E1F3E2F33C937002BBFDA /* Resources */,
			);
			buildRules = (
			);
			dependencies = (
			);
			fileSystemSynchronizedGroups = (
				089E1F422F33C937002BBFDA /* MeditationApp */,
			);
			name = MeditationApp;
			packageProductDependencies = (
			);
			productName = MeditationApp;
			productReference = 089E1F402F33C937002BBFDA /* MeditationApp.app */;
			productType = "com.apple.product-type.application";
		};
		089E1F552F33C938002BBFDA /* MeditationAppTests */ = {
			isa = PBXNativeTarget;
			buildConfigurationList = 089E1F6E2F33C938002BBFDA /* Build configuration list for PBXNativeTarget "MeditationAppTests" */;
			buildPhases = (
				089E1F522F33C938002BBFDA /* Sources */,
				089E1F532F33C938002BBFDA /* Frameworks */,
				089E1F542F33C938002BBFDA /* Resources */,
			);
			buildRules = (
			);
			dependencies = (
				089E1F582F33C938002BBFDA /* PBXTargetDependency */,
			);
			fileSystemSynchronizedGroups = (
				089E1F592F33C938002BBFDA /* MeditationAppTests */,
			);
			name = MeditationAppTests;
			packageProductDependencies = (
			);
			productName = MeditationAppTests;
			productReference = 089E1F562F33C938002BBFDA /* MeditationAppTests.xctest */;
			productType = "com.apple.product-type.bundle.unit-test";
		};
		089E1F5F2F33C938002BBFDA /* MeditationAppUITests */ = {
			isa = PBXNativeTarget;
			buildConfigurationList = 089E1F712F33C938002BBFDA /* Build configuration list for PBXNativeTarget "MeditationAppUITests" */;
			buildPhases = (
				089E1F5C2F33C938002BBFDA /* Sources */,
				089E1F5D2F33C938002BBFDA /* Frameworks */,
				089E1F5E2F33C938002BBFDA /* Resources */,
			);
			buildRules = (
			);
			dependencies = (
				089E1F622F33C938002BBFDA /* PBXTargetDependency */,
			);
			fileSystemSynchronizedGroups = (
				089E1F632F33C938002BBFDA /* MeditationAppUITests */,
			);
			name = MeditationAppUITests;
			packageProductDependencies = (
			);
			productName = MeditationAppUITests;
			productReference = 089E1F602F33C938002BBFDA /* MeditationAppUITests.xctest */;
			productType = "com.apple.product-type.bundle.ui-testing";
		};
/* End PBXNativeTarget section */

/* Begin PBXProject section */
		089E1F382F33C937002BBFDA /* Project object */ = {
			isa = PBXProject;
			attributes = {
				BuildIndependentTargetsInParallel = 1;
				LastSwiftUpdateCheck = 2620;
				LastUpgradeCheck = 2620;
				TargetAttributes = {
					089E1F3F2F33C937002BBFDA = {
						CreatedOnToolsVersion = 26.2;
					};
					089E1F552F33C938002BBFDA = {
						CreatedOnToolsVersion = 26.2;
						TestTargetID = 089E1F3F2F33C937002BBFDA;
					};
					089E1F5F2F33C938002BBFDA = {
						CreatedOnToolsVersion = 26.2;
						TestTargetID = 089E1F3F2F33C937002BBFDA;
					};
				};
			};
			buildConfigurationList = 089E1F3B2F33C937002BBFDA /* Build configuration list for PBXProject "MeditationApp" */;
			developmentRegion = en;
			hasScannedForEncodings = 0;
			knownRegions = (
				en,
				Base,
			);
			mainGroup = 089E1F372F33C937002BBFDA;
			minimizedProjectReferenceProxies = 1;
			preferredProjectObjectVersion = 77;
			productRefGroup = 089E1F412F33C937002BBFDA /* Products */;
			projectDirPath = "";
			projectRoot = "";
			targets = (
				089E1F3F2F33C937002BBFDA /* MeditationApp */,
				089E1F552F33C938002BBFDA /* MeditationAppTests */,
				089E1F5F2F33C938002BBFDA /* MeditationAppUITests */,
			);
		};
/* End PBXProject section */

/* Begin PBXResourcesBuildPhase section */
		089E1F3E2F33C937002BBFDA /* Resources */ = {
			isa = PBXResourcesBuildPhase;
			buildActionMask = 2147483647;
			files = (
			);
			runOnlyForDeploymentPostprocessing = 0;
		};
		089E1F542F33C938002BBFDA /* Resources */ = {
			isa = PBXResourcesBuildPhase;
			buildActionMask = 2147483647;
			files = (
			);
			runOnlyForDeploymentPostprocessing = 0;
		};
		089E1F5E2F33C938002BBFDA /* Resources */ = {
			isa = PBXResourcesBuildPhase;
			buildActionMask = 2147483647;
			files = (
			);
			runOnlyForDeploymentPostprocessing = 0;
		};
/* End PBXResourcesBuildPhase section */

/* Begin PBXSourcesBuildPhase section */
		089E1F3C2F33C937002BBFDA /* Sources */ = {
			isa = PBXSourcesBuildPhase;
			buildActionMask = 2147483647;
			files = (
			);
			runOnlyForDeploymentPostprocessing = 0;
		};
		089E1F522F33C938002BBFDA /* Sources */ = {
			isa = PBXSourcesBuildPhase;
			buildActionMask = 2147483647;
			files = (
			);
			runOnlyForDeploymentPostprocessing = 0;
		};
		089E1F5C2F33C938002BBFDA /* Sources */ = {
			isa = PBXSourcesBuildPhase;
			buildActionMask = 2147483647;
			files = (
			);
			runOnlyForDeploymentPostprocessing = 0;
		};
/* End PBXSourcesBuildPhase section */

/* Begin PBXTargetDependency section */
		089E1F582F33C938002BBFDA /* PBXTargetDependency */ = {
			isa = PBXTargetDependency;
			target = 089E1F3F2F33C937002BBFDA /* MeditationApp */;
			targetProxy = 089E1F572F33C938002BBFDA /* PBXContainerItemProxy */;
		};
		089E1F622F33C938002BBFDA /* PBXTargetDependency */ = {
			isa = PBXTargetDependency;
			target = 089E1F3F2F33C937002BBFDA /* MeditationApp */;
			targetProxy = 089E1F612F33C938002BBFDA /* PBXContainerItemProxy */;
		};
/* End PBXTargetDependency section */

/* Begin XCBuildConfiguration section */
		089E1F6A2F33C938002BBFDA /* Debug */ = {
			isa = XCBuildConfiguration;
			buildSettings = {
				ASSETCATALOG_COMPILER_APPICON_NAME = AppIcon;
				ASSETCATALOG_COMPILER_GLOBAL_ACCENT_COLOR_NAME = AccentColor;
				CODE_SIGN_STYLE = Automatic;
				CURRENT_PROJECT_VERSION = 1;
				GENERATE_INFOPLIST_FILE = YES;
				INFOPLIST_FILE = MeditationApp/Info.plist;
				INFOPLIST_KEY_UIApplicationSupportsIndirectInputEvents = YES;
				INFOPLIST_KEY_UILaunchStoryboardName = LaunchScreen;
				INFOPLIST_KEY_UIMainStoryboardFile = Main;
				INFOPLIST_KEY_UISupportedInterfaceOrientations_iPad = "UIInterfaceOrientationPortrait UIInterfaceOrientationPortraitUpsideDown UIInterfaceOrientationLandscapeLeft UIInterfaceOrientationLandscapeRight";
				INFOPLIST_KEY_UISupportedInterfaceOrientations_iPhone = "UIInterfaceOrientationPortrait UIInterfaceOrientationLandscapeLeft UIInterfaceOrientationLandscapeRight";
				LD_RUNPATH_SEARCH_PATHS = (
					"$(inherited)",
					"@executable_path/Frameworks",
				);
				MARKETING_VERSION = 1.0;
				PRODUCT_BUNDLE_IDENTIFIER = c.MeditationApp;
				PRODUCT_NAME = "$(TARGET_NAME)";
				STRING_CATALOG_GENERATE_SYMBOLS = YES;
				SWIFT_APPROACHABLE_CONCURRENCY = YES;
				SWIFT_DEFAULT_ACTOR_ISOLATION = MainActor;
				SWIFT_EMIT_LOC_STRINGS = YES;
				SWIFT_UPCOMING_FEATURE_MEMBER_IMPORT_VISIBILITY = YES;
				SWIFT_VERSION = 5.0;
				TARGETED_DEVICE_FAMILY = "1,2";
			};
			name = Debug;
		};
		089E1F6B2F33C938002BBFDA /* Release */ = {
			isa = XCBuildConfiguration;
			buildSettings = {
				ASSETCATALOG_COMPILER_APPICON_NAME = AppIcon;
				ASSETCATALOG_COMPILER_GLOBAL_ACCENT_COLOR_NAME = AccentColor;
				CODE_SIGN_STYLE = Automatic;
				CURRENT_PROJECT_VERSION = 1;
				GENERATE_INFOPLIST_FILE = YES;
				INFOPLIST_FILE = MeditationApp/Info.plist;
				INFOPLIST_KEY_UIApplicationSupportsIndirectInputEvents = YES;
				INFOPLIST_KEY_UILaunchStoryboardName = LaunchScreen;
				INFOPLIST_KEY_UIMainStoryboardFile = Main;
				INFOPLIST_KEY_UISupportedInterfaceOrientations_iPad = "UIInterfaceOrientationPortrait UIInterfaceOrientationPortraitUpsideDown UIInterfaceOrientationLandscapeLeft UIInterfaceOrientationLandscapeRight";
				INFOPLIST_KEY_UISupportedInterfaceOrientations_iPhone = "UIInterfaceOrientationPortrait UIInterfaceOrientationLandscapeLeft UIInterfaceOrientationLandscapeRight";
				LD_RUNPATH_SEARCH_PATHS = (
					"$(inherited)",
					"@executable_path/Frameworks",
				);
				MARKETING_VERSION = 1.0;
				PRODUCT_BUNDLE_IDENTIFIER = c.MeditationApp;
				PRODUCT_NAME = "$(TARGET_NAME)";
				STRING_CATALOG_GENERATE_SYMBOLS = YES;
				SWIFT_APPROACHABLE_CONCURRENCY = YES;
				SWIFT_DEFAULT_ACTOR_ISOLATION = MainActor;
				SWIFT_EMIT_LOC_STRINGS = YES;
				SWIFT_UPCOMING_FEATURE_MEMBER_IMPORT_VISIBILITY = YES;
				SWIFT_VERSION = 5.0;
				TARGETED_DEVICE_FAMILY = "1,2";
			};
			name = Release;
		};
		089E1F6C2F33C938002BBFDA /* Debug */ = {
			isa = XCBuildConfiguration;
			buildSettings = {
				ALWAYS_SEARCH_USER_PATHS = NO;
				ASSETCATALOG_COMPILER_GENERATE_SWIFT_ASSET_SYMBOL_EXTENSIONS = YES;
				CLANG_ANALYZER_NONNULL = YES;
				CLANG_ANALYZER_NUMBER_OBJECT_CONVERSION = YES_AGGRESSIVE;
				CLANG_CXX_LANGUAGE_STANDARD = "gnu++20";
				CLANG_ENABLE_MODULES = YES;
				CLANG_ENABLE_OBJC_ARC = YES;
				CLANG_ENABLE_OBJC_WEAK = YES;
				CLANG_WARN_BLOCK_CAPTURE_AUTORELEASING = YES;
				CLANG_WARN_BOOL_CONVERSION = YES;
				CLANG_WARN_COMMA = YES;
				CLANG_WARN_CONSTANT_CONVERSION = YES;
				CLANG_WARN_DEPRECATED_OBJC_IMPLEMENTATIONS = YES;
				CLANG_WARN_DIRECT_OBJC_ISA_USAGE = YES_ERROR;
				CLANG_WARN_DOCUMENTATION_COMMENTS = YES;
				CLANG_WARN_EMPTY_BODY = YES;
				CLANG_WARN_ENUM_CONVERSION = YES;
				CLANG_WARN_INFINITE_RECURSION = YES;
				CLANG_WARN_INT_CONVERSION = YES;
				CLANG_WARN_NON_LITERAL_NULL_CONVERSION = YES;
				CLANG_WARN_OBJC_IMPLICIT_RETAIN_SELF = YES;
				CLANG_WARN_OBJC_LITERAL_CONVERSION = YES;
				CLANG_WARN_OBJC_ROOT_CLASS = YES_ERROR;
				CLANG_WARN_QUOTED_INCLUDE_IN_FRAMEWORK_HEADER = YES;
				CLANG_WARN_RANGE_LOOP_ANALYSIS = YES;
				CLANG_WARN_STRICT_PROTOTYPES = YES;
				CLANG_WARN_SUSPICIOUS_MOVE = YES;
				CLANG_WARN_UNGUARDED_AVAILABILITY = YES_AGGRESSIVE;
				CLANG_WARN_UNREACHABLE_CODE = YES;
				CLANG_WARN__DUPLICATE_METHOD_MATCH = YES;
				COPY_PHASE_STRIP = NO;
				DEBUG_INFORMATION_FORMAT = dwarf;
				ENABLE_STRICT_OBJC_MSGSEND = YES;
				ENABLE_TESTABILITY = YES;
				ENABLE_USER_SCRIPT_SANDBOXING = YES;
				GCC_C_LANGUAGE_STANDARD = gnu17;
				GCC_DYNAMIC_NO_PIC = NO;
				GCC_NO_COMMON_BLOCKS = YES;
				GCC_OPTIMIZATION_LEVEL = 0;
				GCC_PREPROCESSOR_DEFINITIONS = (
					"DEBUG=1",
					"$(inherited)",
				);
				GCC_WARN_64_TO_32_BIT_CONVERSION = YES;
				GCC_WARN_ABOUT_RETURN_TYPE = YES_ERROR;
				GCC_WARN_UNDECLARED_SELECTOR = YES;
				GCC_WARN_UNINITIALIZED_AUTOS = YES_AGGRESSIVE;
				GCC_WARN_UNUSED_FUNCTION = YES;
				GCC_WARN_UNUSED_VARIABLE = YES;
				IPHONEOS_DEPLOYMENT_TARGET = 26.2;
				LOCALIZATION_PREFERS_STRING_CATALOGS = YES;
				MTL_ENABLE_DEBUG_INFO = INCLUDE_SOURCE;
				MTL_FAST_MATH = YES;
				ONLY_ACTIVE_ARCH = YES;
				SDKROOT = iphoneos;
				SWIFT_ACTIVE_COMPILATION_CONDITIONS = "DEBUG $(inherited)";
				SWIFT_OPTIMIZATION_LEVEL = "-Onone";
			};
			name = Debug;
		};
		089E1F6D2F33C938002BBFDA /* Release */ = {
			isa = XCBuildConfiguration;
			buildSettings = {
				ALWAYS_SEARCH_USER_PATHS = NO;
				ASSETCATALOG_COMPILER_GENERATE_SWIFT_ASSET_SYMBOL_EXTENSIONS = YES;
				CLANG_ANALYZER_NONNULL = YES;
				CLANG_ANALYZER_NUMBER_OBJECT_CONVERSION = YES_AGGRESSIVE;
				CLANG_CXX_LANGUAGE_STANDARD = "gnu++20";
				CLANG_ENABLE_MODULES = YES;
				CLANG_ENABLE_OBJC_ARC = YES;
				CLANG_ENABLE_OBJC_WEAK = YES;
				CLANG_WARN_BLOCK_CAPTURE_AUTORELEASING = YES;
				CLANG_WARN_BOOL_CONVERSION = YES;
				CLANG_WARN_COMMA = YES;
				CLANG_WARN_CONSTANT_CONVERSION = YES;
				CLANG_WARN_DEPRECATED_OBJC_IMPLEMENTATIONS = YES;
				CLANG_WARN_DIRECT_OBJC_ISA_USAGE = YES_ERROR;
				CLANG_WARN_DOCUMENTATION_COMMENTS = YES;
				CLANG_WARN_EMPTY_BODY = YES;
				CLANG_WARN_ENUM_CONVERSION = YES;
				CLANG_WARN_INFINITE_RECURSION = YES;
				CLANG_WARN_INT_CONVERSION = YES;
				CLANG_WARN_NON_LITERAL_NULL_CONVERSION = YES;
				CLANG_WARN_OBJC_IMPLICIT_RETAIN_SELF = YES;
				CLANG_WARN_OBJC_LITERAL_CONVERSION = YES;
				CLANG_WARN_OBJC_ROOT_CLASS = YES_ERROR;
				CLANG_WARN_QUOTED_INCLUDE_IN_FRAMEWORK_HEADER = YES;
				CLANG_WARN_RANGE_LOOP_ANALYSIS = YES;
				CLANG_WARN_STRICT_PROTOTYPES = YES;
				CLANG_WARN_SUSPICIOUS_MOVE = YES;
				CLANG_WARN_UNGUARDED_AVAILABILITY = YES_AGGRESSIVE;
				CLANG_WARN_UNREACHABLE_CODE = YES;
				CLANG_WARN__DUPLICATE_METHOD_MATCH = YES;
				COPY_PHASE_STRIP = NO;
				DEBUG_INFORMATION_FORMAT = "dwarf-with-dsym";
				ENABLE_NS_ASSERTIONS = NO;
				ENABLE_STRICT_OBJC_MSGSEND = YES;
				ENABLE_USER_SCRIPT_SANDBOXING = YES;
				GCC_C_LANGUAGE_STANDARD = gnu17;
				GCC_NO_COMMON_BLOCKS = YES;
				GCC_WARN_64_TO_32_BIT_CONVERSION = YES;
				GCC_WARN_ABOUT_RETURN_TYPE = YES_ERROR;
				GCC_WARN_UNDECLARED_SELECTOR = YES;
				GCC_WARN_UNINITIALIZED_AUTOS = YES_AGGRESSIVE;
				GCC_WARN_UNUSED_FUNCTION = YES;
				GCC_WARN_UNUSED_VARIABLE = YES;
				IPHONEOS_DEPLOYMENT_TARGET = 26.2;
				LOCALIZATION_PREFERS_STRING_CATALOGS = YES;
				MTL_ENABLE_DEBUG_INFO = NO;
				MTL_FAST_MATH = YES;
				SDKROOT = iphoneos;
				SWIFT_COMPILATION_MODE = wholemodule;
				VALIDATE_PRODUCT = YES;
			};
			name = Release;
		};
		089E1F6F2F33C938002BBFDA /* Debug */ = {
			isa = XCBuildConfiguration;
			buildSettings = {
				BUNDLE_LOADER = "$(TEST_HOST)";
				CODE_SIGN_STYLE = Automatic;
				CURRENT_PROJECT_VERSION = 1;
				GENERATE_INFOPLIST_FILE = YES;
				IPHONEOS_DEPLOYMENT_TARGET = 26.2;
				MARKETING_VERSION = 1.0;
				PRODUCT_BUNDLE_IDENTIFIER = c.MeditationAppTests;
				PRODUCT_NAME = "$(TARGET_NAME)";
				STRING_CATALOG_GENERATE_SYMBOLS = NO;
				SWIFT_APPROACHABLE_CONCURRENCY = YES;
				SWIFT_EMIT_LOC_STRINGS = NO;
				SWIFT_UPCOMING_FEATURE_MEMBER_IMPORT_VISIBILITY = YES;
				SWIFT_VERSION = 5.0;
				TARGETED_DEVICE_FAMILY = "1,2";
				TEST_HOST = "$(BUILT_PRODUCTS_DIR)/MeditationApp.app/$(BUNDLE_EXECUTABLE_FOLDER_PATH)/MeditationApp";
			};
			name = Debug;
		};
		089E1F702F33C938002BBFDA /* Release */ = {
			isa = XCBuildConfiguration;
			buildSettings = {
				BUNDLE_LOADER = "$(TEST_HOST)";
				CODE_SIGN_STYLE = Automatic;
				CURRENT_PROJECT_VERSION = 1;
				GENERATE_INFOPLIST_FILE = YES;
				IPHONEOS_DEPLOYMENT_TARGET = 26.2;
				MARKETING_VERSION = 1.0;
				PRODUCT_BUNDLE_IDENTIFIER = c.MeditationAppTests;
				PRODUCT_NAME = "$(TARGET_NAME)";
				STRING_CATALOG_GENERATE_SYMBOLS = NO;
				SWIFT_APPROACHABLE_CONCURRENCY = YES;
				SWIFT_EMIT_LOC_STRINGS = NO;
				SWIFT_UPCOMING_FEATURE_MEMBER_IMPORT_VISIBILITY = YES;
				SWIFT_VERSION = 5.0;
				TARGETED_DEVICE_FAMILY = "1,2";
				TEST_HOST = "$(BUILT_PRODUCTS_DIR)/MeditationApp.app/$(BUNDLE_EXECUTABLE_FOLDER_PATH)/MeditationApp";
			};
			name = Release;
		};
		089E1F722F33C938002BBFDA /* Debug */ = {
			isa = XCBuildConfiguration;
			buildSettings = {
				CODE_SIGN_STYLE = Automatic;
				CURRENT_PROJECT_VERSION = 1;
				GENERATE_INFOPLIST_FILE = YES;
				MARKETING_VERSION = 1.0;
				PRODUCT_BUNDLE_IDENTIFIER = c.MeditationAppUITests;
				PRODUCT_NAME = "$(TARGET_NAME)";
				STRING_CATALOG_GENERATE_SYMBOLS = NO;
				SWIFT_APPROACHABLE_CONCURRENCY = YES;
				SWIFT_EMIT_LOC_STRINGS = NO;
				SWIFT_UPCOMING_FEATURE_MEMBER_IMPORT_VISIBILITY = YES;
				SWIFT_VERSION = 5.0;
				TARGETED_DEVICE_FAMILY = "1,2";
				TEST_TARGET_NAME = MeditationApp;
			};
			name = Debug;
		};
		089E1F732F33C938002BBFDA /* Release */ = {
			isa = XCBuildConfiguration;
			buildSettings = {
				CODE_SIGN_STYLE = Automatic;
				CURRENT_PROJECT_VERSION = 1;
				GENERATE_INFOPLIST_FILE = YES;
				MARKETING_VERSION = 1.0;
				PRODUCT_BUNDLE_IDENTIFIER = c.MeditationAppUITests;
				PRODUCT_NAME = "$(TARGET_NAME)";
				STRING_CATALOG_GENERATE_SYMBOLS = NO;
				SWIFT_APPROACHABLE_CONCURRENCY = YES;
				SWIFT_EMIT_LOC_STRINGS = NO;
				SWIFT_UPCOMING_FEATURE_MEMBER_IMPORT_VISIBILITY = YES;
				SWIFT_VERSION = 5.0;
				TARGETED_DEVICE_FAMILY = "1,2";
				TEST_TARGET_NAME = MeditationApp;
			};
			name = Release;
		};
/* End XCBuildConfiguration section */

/* Begin XCConfigurationList section */
		089E1F3B2F33C937002BBFDA /* Build configuration list for PBXProject "MeditationApp" */ = {
			isa = XCConfigurationList;
			buildConfigurations = (
				089E1F6C2F33C938002BBFDA /* Debug */,
				089E1F6D2F33C938002BBFDA /* Release */,
			);
			defaultConfigurationIsVisible = 0;
			defaultConfigurationName = Release;
		};
		089E1F692F33C938002BBFDA /* Build configuration list for PBXNativeTarget "MeditationApp" */ = {
			isa = XCConfigurationList;
			buildConfigurations = (
				089E1F6A2F33C938002BBFDA /* Debug */,
				089E1F6B2F33C938002BBFDA /* Release */,
			);
			defaultConfigurationIsVisible = 0;
			defaultConfigurationName = Release;
		};
		089E1F6E2F33C938002BBFDA /* Build configuration list for PBXNativeTarget "MeditationAppTests" */ = {
			isa = XCConfigurationList;
			buildConfigurations = (
				089E1F6F2F33C938002BBFDA /* Debug */,
				089E1F702F33C938002BBFDA /* Release */,
			);
			defaultConfigurationIsVisible = 0;
			defaultConfigurationName = Release;
		};
		089E1F712F33C938002BBFDA /* Build configuration list for PBXNativeTarget "MeditationAppUITests" */ = {
			isa = XCConfigurationList;
			buildConfigurations = (
				089E1F722F33C938002BBFDA /* Debug */,
				089E1F732F33C938002BBFDA /* Release */,
			);
			defaultConfigurationIsVisible = 0;
			defaultConfigurationName = Release;
		};
/* End XCConfigurationList section */
	};
	rootObject = 089E1F382F33C937002BBFDA /* Project object */;
}
